// !$*UTF8*$!
{
	archiveVersion = 2;
	classes = {
	};
	objectVersion = 56;
	objects = {

/* Begin PBXBuildFile section */
		1A2B3C4D00010001 /* Theme.swift in Sources */ = {isa = PBXBuildFile; fileRef = 2A2B3C4D00010000 /* Theme.swift */; };
		1A2B3C4D00010002 /* APEXApp.swift in Sources */ = {isa = PBXBuildFile; fileRef = 2A2B3C4D00010002 /* APEXApp.swift */; };
		1A2B3C4D00010003 /* ContentView.swift in Sources */ = {isa = PBXBuildFile; fileRef = 2A2B3C4D00010003 /* ContentView.swift */; };
		1A2B3C4D00010004 /* HomeView.swift in Sources */ = {isa = PBXBuildFile; fileRef = 2A2B3C4D00010004 /* HomeView.swift */; };
		1A2B3C4D00010005 /* CircuitsView.swift in Sources */ = {isa = PBXBuildFile; fileRef = 2A2B3C4D00010005 /* CircuitsView.swift */; };
		1A2B3C4D00010006 /* LapsView.swift in Sources */ = {isa = PBXBuildFile; fileRef = 2A2B3C4D00010006 /* LapsView.swift */; };
		1A2B3C4D00010007 /* SettingsView.swift in Sources */ = {isa = PBXBuildFile; fileRef = 2A2B3C4D00010007 /* SettingsView.swift */; };
		1A2B3C4D00010008 /* OnboardingView.swift in Sources */ = {isa = PBXBuildFile; fileRef = 2A2B3C4D00010008 /* OnboardingView.swift */; };
		1A2B3C4D00010009 /* WorkoutSource.swift in Sources */ = {isa = PBXBuildFile; fileRef = 2A2B3C4D00010009 /* WorkoutSource.swift */; };
		1A2B3C4D0001000A /* DebugWorkoutSource.swift in Sources */ = {isa = PBXBuildFile; fileRef = 2A2B3C4D0001000A /* DebugWorkoutSource.swift */; };
		1A2B3C4D0001000B /* DebugSeedScreen.swift in Sources */ = {isa = PBXBuildFile; fileRef = 2A2B3C4D0001000B /* DebugSeedScreen.swift */; };
		1A2B3C4D0001000C /* PersistenceController.swift in Sources */ = {isa = PBXBuildFile; fileRef = 2A2B3C4D0001000C /* PersistenceController.swift */; };
		1A2B3C4D0001000D /* TimingEngine.swift in Sources */ = {isa = PBXBuildFile; fileRef = 2A2B3C4D0001000D /* TimingEngine.swift */; };
		1A2B3C4D0001000E /* Models.swift in Sources */ = {isa = PBXBuildFile; fileRef = 2A2B3C4D0001000E /* Models.swift */; };
		1A2B3C4D0001000F /* FileStore.swift in Sources */ = {isa = PBXBuildFile; fileRef = 2A2B3C4D0001000F /* FileStore.swift */; };
		1A2B3C4D00010010 /* RecomputeService.swift in Sources */ = {isa = PBXBuildFile; fileRef = 2A2B3C4D00010010 /* RecomputeService.swift */; };
		1A2B3C4D00010011 /* HealthKitService.swift in Sources */ = {isa = PBXBuildFile; fileRef = 2A2B3C4D00010011 /* HealthKitService.swift */; };
		1A2B3C4D00010012 /* HealthKitOnboarding.swift in Sources */ = {isa = PBXBuildFile; fileRef = 2A2B3C4D00010012 /* HealthKitOnboarding.swift */; };
		1A2B3C4D00010013 /* CircuitEditorView.swift in Sources */ = {isa = PBXBuildFile; fileRef = 2A2B3C4D00010013 /* CircuitEditorView.swift */; };
		1A2B3C4D00010014 /* LapDetailView.swift in Sources */ = {isa = PBXBuildFile; fileRef = 2A2B3C4D00010014 /* LapDetailView.swift */; };
		1A2B3C4D00010015 /* GeminiService.swift in Sources */ = {isa = PBXBuildFile; fileRef = 2A2B3C4D00010015 /* GeminiService.swift */; };
		1A2B3C4D00010016 /* KeychainService.swift in Sources */ = {isa = PBXBuildFile; fileRef = 2A2B3C4D00010016 /* KeychainService.swift */; };
		1A2B3C4D00010017 /* SettingsViewModel.swift in Sources */ = {isa = PBXBuildFile; fileRef = 2A2B3C4D00010017 /* SettingsViewModel.swift */; };
		1A2B3C4D00010018 /* AppDelegate.swift in Sources */ = {isa = PBXBuildFile; fileRef = 2A2B3C4D00010018 /* AppDelegate.swift */; };
		1A2B3C4D0001001B /* Haptics.swift in Sources */ = {isa = PBXBuildFile; fileRef = 2A2B3C4D00010036 /* Haptics.swift */; };
		1A2B3C4D00010019 /* TimingEngineTests.swift in Sources */ = {isa = PBXBuildFile; fileRef = 2A2B3C4D00010019 /* TimingEngineTests.swift */; };
		1A2B3C4D0001001A /* PersistenceTests.swift in Sources */ = {isa = PBXBuildFile; fileRef = 2A2B3C4D0001001A /* PersistenceTests.swift */; };
		1A2B3C4D0001001C /* HealthKit.framework in Frameworks */ = {isa = PBXBuildFile; fileRef = 2A2B3C4D0001001B /* HealthKit.framework */; };
		1A2B3C4D0001001D /* MapKit.framework in Frameworks */ = {isa = PBXBuildFile; fileRef = 2A2B3C4D0001001C /* MapKit.framework */; };
		1A2B3C4D0001001E /* CoreLocation.framework in Frameworks */ = {isa = PBXBuildFile; fileRef = 2A2B3C4D0001001D /* CoreLocation.framework */; };
/* End PBXBuildFile section */

/* Begin PBXFileReference section */
		2A2B3C4D00010000 /* Theme.swift */ = {isa = PBXFileReference; lastKnownFileType = sourcecode.swift; path = Sources/DesignSystem/Theme.swift; sourceTree = SOURCE_ROOT; };
		2A2B3C4D00010002 /* APEXApp.swift */ = {isa = PBXFileReference; lastKnownFileType = sourcecode.swift; path = Sources/App/APEXApp.swift; sourceTree = SOURCE_ROOT; };
		2A2B3C4D00010003 /* ContentView.swift */ = {isa = PBXFileReference; lastKnownFileType = sourcecode.swift; path = Sources/App/ContentView.swift; sourceTree = SOURCE_ROOT; };
		2A2B3C4D00010004 /* HomeView.swift */ = {isa = PBXFileReference; lastKnownFileType = sourcecode.swift; path = Sources/Features/Home/Views/HomeView.swift; sourceTree = SOURCE_ROOT; };
		2A2B3C4D00010005 /* CircuitsView.swift */ = {isa = PBXFileReference; lastKnownFileType = sourcecode.swift; path = Sources/Features/Circuits/Views/CircuitsView.swift; sourceTree = SOURCE_ROOT; };
		2A2B3C4D00010006 /* LapsView.swift */ = {isa = PBXFileReference; lastKnownFileType = sourcecode.swift; path = Sources/Features/Laps/Views/LapsView.swift; sourceTree = SOURCE_ROOT; };
		2A2B3C4D00010007 /* SettingsView.swift */ = {isa = PBXFileReference; lastKnownFileType = sourcecode.swift; path = Sources/Features/Settings/Views/SettingsView.swift; sourceTree = SOURCE_ROOT; };
		2A2B3C4D00010008 /* OnboardingView.swift */ = {isa = PBXFileReference; lastKnownFileType = sourcecode.swift; path = Sources/Features/Onboarding/Views/OnboardingView.swift; sourceTree = SOURCE_ROOT; };
		2A2B3C4D00010009 /* WorkoutSource.swift */ = {isa = PBXFileReference; lastKnownFileType = sourcecode.swift; path = Sources/Protocols/WorkoutSource.swift; sourceTree = SOURCE_ROOT; };
		2A2B3C4D0001000A /* DebugWorkoutSource.swift */ = {isa = PBXFileReference; lastKnownFileType = sourcecode.swift; path = Sources/Protocols/DebugWorkoutSource.swift; sourceTree = SOURCE_ROOT; };
		2A2B3C4D0001000B /* DebugSeedScreen.swift */ = {isa = PBXFileReference; lastKnownFileType = sourcecode.swift; path = Sources/Protocols/DebugSeedScreen.swift; sourceTree = SOURCE_ROOT; };
		2A2B3C4D0001000C /* PersistenceController.swift */ = {isa = PBXFileReference; lastKnownFileType = sourcecode.swift; path = Sources/Persistence/PersistenceController.swift; sourceTree = SOURCE_ROOT; };
		2A2B3C4D0001000D /* TimingEngine.swift */ = {isa = PBXFileReference; lastKnownFileType = sourcecode.swift; path = Sources/Engine/TimingEngine.swift; sourceTree = SOURCE_ROOT; };
		2A2B3C4D0001000E /* Models.swift */ = {isa = PBXFileReference; lastKnownFileType = sourcecode.swift; path = Sources/Persistence/Models.swift; sourceTree = SOURCE_ROOT; };
		2A2B3C4D0001000F /* FileStore.swift */ = {isa = PBXFileReference; lastKnownFileType = sourcecode.swift; path = Sources/Persistence/FileStore.swift; sourceTree = SOURCE_ROOT; };
		2A2B3C4D00010010 /* RecomputeService.swift */ = {isa = PBXFileReference; lastKnownFileType = sourcecode.swift; path = Sources/Persistence/RecomputeService.swift; sourceTree = SOURCE_ROOT; };
		2A2B3C4D00010011 /* HealthKitService.swift */ = {isa = PBXFileReference; lastKnownFileType = sourcecode.swift; path = Sources/Services/HealthKitService.swift; sourceTree = SOURCE_ROOT; };
		2A2B3C4D00010012 /* HealthKitOnboarding.swift */ = {isa = PBXFileReference; lastKnownFileType = sourcecode.swift; path = Sources/Services/HealthKitOnboarding.swift; sourceTree = SOURCE_ROOT; };
		2A2B3C4D00010013 /* CircuitEditorView.swift */ = {isa = PBXFileReference; lastKnownFileType = sourcecode.swift; path = Sources/Features/Circuits/Views/CircuitEditorView.swift; sourceTree = SOURCE_ROOT; };
		2A2B3C4D00010014 /* LapDetailView.swift */ = {isa = PBXFileReference; lastKnownFileType = sourcecode.swift; path = Sources/Features/Laps/Views/LapDetailView.swift; sourceTree = SOURCE_ROOT; };
		2A2B3C4D00010015 /* GeminiService.swift */ = {isa = PBXFileReference; lastKnownFileType = sourcecode.swift; path = Sources/Services/GeminiService.swift; sourceTree = SOURCE_ROOT; };
		2A2B3C4D00010016 /* KeychainService.swift */ = {isa = PBXFileReference; lastKnownFileType = sourcecode.swift; path = Sources/Services/KeychainService.swift; sourceTree = SOURCE_ROOT; };
		2A2B3C4D00010017 /* SettingsViewModel.swift */ = {isa = PBXFileReference; lastKnownFileType = sourcecode.swift; path = Sources/Features/Settings/Views/SettingsViewModel.swift; sourceTree = SOURCE_ROOT; };
		2A2B3C4D00010018 /* AppDelegate.swift */ = {isa = PBXFileReference; lastKnownFileType = sourcecode.swift; path = Sources/App/AppDelegate.swift; sourceTree = SOURCE_ROOT; };
		2A2B3C4D00010036 /* Haptics.swift */ = {isa = PBXFileReference; lastKnownFileType = sourcecode.swift; path = Sources/DesignSystem/Haptics.swift; sourceTree = SOURCE_ROOT; };
		2A2B3C4D00010019 /* TimingEngineTests.swift */ = {isa = PBXFileReference; lastKnownFileType = sourcecode.swift; path = Tests/TimingEngineTests.swift; sourceTree = SOURCE_ROOT; };
		2A2B3C4D0001001A /* PersistenceTests.swift */ = {isa = PBXFileReference; lastKnownFileType = sourcecode.swift; path = Tests/PersistenceTests.swift; sourceTree = SOURCE_ROOT; };
		2A2B3C4D0001001B /* HealthKit.framework */ = {isa = PBXFileReference; lastKnownFileType = wrapper.framework; name = HealthKit; path = System/Library/Frameworks/HealthKit.framework; };
		2A2B3C4D0001001C /* MapKit.framework */ = {isa = PBXFileReference; lastKnownFileType = wrapper.framework; name = MapKit; path = System/Library/Frameworks/MapKit.framework; };
		2A2B3C4D0001001D /* CoreLocation.framework */ = {isa = PBXFileReference; lastKnownFileType = wrapper.framework; name = CoreLocation; path = System/Library/Frameworks/CoreLocation.framework; };
		2A2B3C4D0001001E /* APEX.app */ = {isa = PBXFileReference; explicitFileType = wrapper.application; includeInIndex = 0; path = APEX.app; sourceTree = BUILT_PRODUCTS_DIR; };
		2A2B3C4D0001001F /* APEXTests.xctest */ = {isa = PBXFileReference; explicitFileType = wrapper.cfbundle; includeInIndex = 0; path = APEXTests.xctest; sourceTree = BUILT_PRODUCTS_DIR; };
/* End PBXFileReference section */

/* Begin PBXFrameworksBuildPhase section */
		2A2B3C4D00010020 /* Frameworks */ = {
			isa = PBXFrameworksBuildPhase;
			buildActionMask = 2147483647;
			files = (
				1A2B3C4D0001001C /* HealthKit.framework in Frameworks */,
				1A2B3C4D0001001D /* MapKit.framework in Frameworks */,
				1A2B3C4D0001001E /* CoreLocation.framework in Frameworks */,
			);
			runOnlyOncePerArtifact = 0;
		};
		2A2B3C4D00010021 /* Frameworks */ = {
			isa = PBXFrameworksBuildPhase;
			buildActionMask = 2147483647;
			files = (
			);
			runOnlyOncePerArtifact = 0;
		};
/* End PBXFrameworksBuildPhase section */

/* Begin PBXGroup section */
		2A2B3C4D00010022 /* APEX */ = {
			isa = PBXGroup;
			children = (
				2A2B3C4D00010023 /* Sources */,
				2A2B3C4D00010024 /* Tests */,
				2A2B3C4D00010025 /* Resources */,
				2A2B3C4D00010026 /* SupportingFiles */,
				2A2B3C4D00010027 /* Products */,
			);
			path = APEX;
			sourceTree = "";
		};
		2A2B3C4D00010023 /* Sources */ = {
			isa = PBXGroup;
			children = (
				2A2B3C4D00010028 /* App */,
				2A2B3C4D00010029 /* DesignSystem */,
				2A2B3C4D0001002A /* Features */,
				2A2B3C4D0001002B /* Persistence */,
				2A2B3C4D0001002C /* Engine */,
				2A2B3C4D0001002D /* Services */,
				2A2B3C4D0001002E /* Protocols */,
			);
			path = Sources;
			sourceTree = "";
		};
		2A2B3C4D00010028 /* App */ = {
			isa = PBXGroup;
			children = (
				2A2B3C4D00010002 /* APEXApp.swift */,
				2A2B3C4D00010003 /* ContentView.swift */,
				2A2B3C4D00010018 /* AppDelegate.swift */,
			);
			path = Sources/App;
			sourceTree = "";
		};
		2A2B3C4D00010029 /* DesignSystem */ = {
			isa = PBXGroup;
			children = (
				2A2B3C4D00010000 /* Theme.swift */,
				2A2B3C4D00010036 /* Haptics.swift */,
			);
			path = Sources/DesignSystem;
			sourceTree = "";
		};
		2A2B3C4D0001002A /* Features */ = {
			isa = PBXGroup;
			children = (
				2A2B3C4D0001002F /* Home */,
				2A2B3C4D00010030 /* Circuits */,
				2A2B3C4D00010031 /* Laps */,
				2A2B3C4D00010032 /* Settings */,
				2A2B3C4D00010033 /* Onboarding */,
			);
			path = Sources/Features;
			sourceTree = "";
		};
		2A2B3C4D0001002F /* Home */ = {
			isa = PBXGroup;
			children = (
				2A2B3C4D00010004 /* HomeView.swift */,
			);
			path = Sources/Features/Home/Views;
			sourceTree = "";
		};
		2A2B3C4D00010030 /* Circuits */ = {
			isa = PBXGroup;
			children = (
				2A2B3C4D00010005 /* CircuitsView.swift */,
				2A2B3C4D00010013 /* CircuitEditorView.swift */,
			);
			path = Sources/Features/Circuits/Views;
			sourceTree = "";
		};
		2A2B3C4D00010031 /* Laps */ = {
			isa = PBXGroup;
			children = (
				2A2B3C4D00010006 /* LapsView.swift */,
				2A2B3C4D00010014 /* LapDetailView.swift */,
			);
			path = Sources/Features/Laps/Views;
			sourceTree = "";
		};
		2A2B3C4D00010032 /* Settings */ = {
			isa = PBXGroup;
			children = (
				2A2B3C4D00010007 /* SettingsView.swift */,
				2A2B3C4D00010017 /* SettingsViewModel.swift */,
			);
			path = Sources/Features/Settings/Views;
			sourceTree = "";
		};
		2A2B3C4D00010033 /* Onboarding */ = {
			isa = PBXGroup;
			children = (
				2A2B3C4D00010008 /* OnboardingView.swift */,
			);
			path = Sources/Features/Onboarding/Views;
			sourceTree = "";
		};
		2A2B3C4D0001002B /* Persistence */ = {
			isa = PBXGroup;
			children = (
				2A2B3C4D0001000C /* PersistenceController.swift */,
				2A2B3C4D0001000E /* Models.swift */,
				2A2B3C4D0001000F /* FileStore.swift */,
				2A2B3C4D00010010 /* RecomputeService.swift */,
			);
			path = Sources/Persistence;
			sourceTree = "";
		};
		2A2B3C4D0001002C /* Engine */ = {
			isa = PBXGroup;
			children = (
				2A2B3C4D0001000D /* TimingEngine.swift */,
			);
			path = Sources/Engine;
			sourceTree = "";
		};
		2A2B3C4D0001002D /* Services */ = {
			isa = PBXGroup;
			children = (
				2A2B3C4D00010011 /* HealthKitService.swift */,
				2A2B3C4D00010012 /* HealthKitOnboarding.swift */,
				2A2B3C4D00010015 /* GeminiService.swift */,
				2A2B3C4D00010016 /* KeychainService.swift */,
			);
			path = Sources/Services;
			sourceTree = "";
		};
		2A2B3C4D0001002E /* Protocols */ = {
			isa = PBXGroup;
			children = (
				2A2B3C4D00010009 /* WorkoutSource.swift */,
				2A2B3C4D0001000A /* DebugWorkoutSource.swift */,
				2A2B3C4D0001000B /* DebugSeedScreen.swift */,
			);
			path = Sources/Protocols;
			sourceTree = "";
		};
		2A2B3C4D00010024 /* Tests */ = {
			isa = PBXGroup;
			children = (
				2A2B3C4D00010019 /* TimingEngineTests.swift */,
				2A2B3C4D0001001A /* PersistenceTests.swift */,
			);
			path = Tests;
			sourceTree = "";
		};
		2A2B3C4D00010025 /* Resources */ = {
			isa = PBXGroup;
			children = (
				2A2B3C4D0001002G /* Assets.xcassets */,
			);
			path = Resources;
			sourceTree = "";
		};
		2A2B3C4D0001002G /* Assets.xcassets */ = {
			isa = PBXGroup;
			children = (
				2A2B3C4D0001002H /* AppIcon.appiconset */,
				2A2B3C4D0001002I /* LaunchScreenBackground.colorset */,
			);
			path = Assets.xcassets;
			sourceTree = "GROUP";
		};
		2A2B3C4D0001002H /* AppIcon.appiconset */ = {
			isa = PBXGroup;
			children = (
				2A2B3C4D0001002J /* Contents.json */,
			);
			path = AppIcon.appiconset;
			sourceTree = "GROUP";
		};
		2A2B3C4D0001002I /* LaunchScreenBackground.colorset */ = {
			isa = PBXGroup;
			children = (
				2A2B3C4D0001002K /* Contents.json */,
			);
			path = LaunchScreenBackground.colorset;
			sourceTree = "GROUP";
		};
		2A2B3C4D0001002J /* Contents.json */ = {isa = PBXFileReference; lastKnownFileType = text.json; path = Contents.json; sourceTree = "GROUP"; };
		2A2B3C4D0001002K /* Contents.json */ = {isa = PBXFileReference; lastKnownFileType = text.json; path = Contents.json; sourceTree = "GROUP"; };
		2A2B3C4D00010026 /* SupportingFiles */ = {
			isa = PBXGroup;
			children = (
				2A2B3C4D0001002L /* Info.plist */,
			);
			path = SupportingFiles;
			sourceTree = "";
		};
		2A2B3C4D0001002L /* Info.plist */ = {isa = PBXFileReference; lastKnownFileType = text.plist.xml; path = SupportingFiles/Info.plist; sourceTree = "GROUP"; };
		2A2B3C4D00010027 /* Products */ = {
			isa = PBXGroup;
			children = (
				2A2B3C4D0001001E /* APEX.app */,
				2A2B3C4D0001001F /* APEXTests.xctest */,
			);
			name = Products;
			sourceTree = "BUILT_PRODUCTS_DIR";
		};
/* End PBXGroup section */

/* Begin PBXNativeTarget section */
		2A2B3C4D0001002M /* APEX */ = {
			isa = PBXNativeTarget;
			buildConfigurationList = 2A2B3C4D0001002N /* Build configuration list for PBXNativeTarget "APEX" */;
			buildPhases = (
				2A2B3C4D00010020 /* Frameworks */,
				2A2B3C4D0001002P /* Resources */,
				2A2B3C4D0001002Q /* Sources */,
			);
			buildRules = (
			);
			dependencies = (
			);
			name = APEX;
			productName = APEX;
			productReference = 2A2B3C4D0001001E /* APEX.app */;
			productType = "com.apple.product-type.application";
		};
		2A2B3C4D0001002R /* APEXTests */ = {
			isa = PBXNativeTarget;
			buildConfigurationList = 2A2B3C4D0001002S /* Build configuration list for PBXNativeTarget "APEXTests" */;
			buildPhases = (
				2A2B3C4D00010021 /* Frameworks */,
				2A2B3C4D0001002T /* Sources */,
			);
			buildRules = (
			);
			dependencies = (
				2A2B3C4D0001002U /* Dependency */,
			);
			name = APEXTests;
			productName = APEXTests;
			productReference = 2A2B3C4D0001001F /* APEXTests.xctest */;
			productType = "com.apple.product-type.bundle.unit-test";
		};
/* End PBXNativeTarget section */

/* Begin PBXProject section */
		2A2B3C4D0001002V /* Build configuration list for PBXProject "APEX" */ = {
			isa = PBXProject;
			buildConfigurationList = 2A2B3C4D0001002W /* Build configuration list for PBXProject "APEX" */;
			compatibilityVersion = "Xcode 3.2";
			developmentMachine = "$(DEVELOPMENT_TEAM)";
			hasScannedForEncodings = 0;
			knownRegions = (
				en,
			);
			mainGroup = 2A2B3C4D00010022 /* APEX */;
			projectDirPath = "";
			projectRoot = "";
			targets = (
				2A2B3C4D0001002M /* APEX */,
				2A2B3C4D0001002R /* APEXTests */,
			);
		};
/* End PBXProject section */

/* Begin PBXResourcesBuildPhase section */
		2A2B3C4D0001002P /* Resources */ = {
			isa = PBXResourcesBuildPhase;
			buildActionMask = 2147483647;
			files = (
				2A2B3C4D0001002X /* Assets.xcassets in Resources */,
			);
			runOnlyOncePerArtifact = 0;
		};
/* End PBXResourcesBuildPhase section */

/* Begin PBXSourcesBuildPhase section */
		2A2B3C4D0001002Q /* Sources */ = {
			isa = PBXSourcesBuildPhase;
			buildActionMask = 2147483647;
			files = (
				1A2B3C4D00010001 /* Theme.swift in Sources */,
				1A2B3C4D00010002 /* APEXApp.swift in Sources */,
				1A2B3C4D00010003 /* ContentView.swift in Sources */,
				1A2B3C4D00010004 /* HomeView.swift in Sources */,
				1A2B3C4D00010005 /* CircuitsView.swift in Sources */,
				1A2B3C4D00010006 /* LapsView.swift in Sources */,
				1A2B3C4D00010007 /* SettingsView.swift in Sources */,
				1A2B3C4D00010008 /* OnboardingView.swift in Sources */,
				1A2B3C4D00010009 /* WorkoutSource.swift in Sources */,
				1A2B3C4D0001000A /* DebugWorkoutSource.swift in Sources */,
				1A2B3C4D0001000B /* DebugSeedScreen.swift in Sources */,
				1A2B3C4D0001000C /* PersistenceController.swift in Sources */,
				1A2B3C4D0001000D /* TimingEngine.swift in Sources */,
				1A2B3C4D0001000E /* Models.swift in Sources */,
				1A2B3C4D0001000F /* FileStore.swift in Sources */,
				1A2B3C4D00010010 /* RecomputeService.swift in Sources */,
				1A2B3C4D00010011 /* HealthKitService.swift in Sources */,
				1A2B3C4D00010012 /* HealthKitOnboarding.swift in Sources */,
				1A2B3C4D00010013 /* CircuitEditorView.swift in Sources */,
				1A2B3C4D00010014 /* LapDetailView.swift in Sources */,
				1A2B3C4D00010015 /* GeminiService.swift in Sources */,
				1A2B3C4D00010016 /* KeychainService.swift in Sources */,
				1A2B3C4D00010017 /* SettingsViewModel.swift in Sources */,
				1A2B3C4D00010018 /* AppDelegate.swift in Sources */,
				1A2B3C4D0001001B /* Haptics.swift in Sources */,
			);
			runOnlyOncePerArtifact = 0;
		};
		2A2B3C4D0001002T /* Sources */ = {
			isa = PBXSourcesBuildPhase;
			buildActionMask = 2147483647;
			files = (
				1A2B3C4D00010019 /* TimingEngineTests.swift in Sources */,
				1A2B3C4D0001001A /* PersistenceTests.swift in Sources */,
			);
			runOnlyOncePerArtifact = 0;
		};
/* End PBXSourcesBuildPhase section */

/* Begin XCBuildConfiguration section */
		2A2B3C4D00010040 /* Debug */ = {
			isa = XCBuildConfiguration;
			buildSettings = {
				ALWAYS_SEARCH_USER_PATHS = NO;
				CLANG_ANALYZER_LOCALIZABILITY_NONLOCALIZED = YES;
				CLANG_ANALYZER_NUMBER_OBJECT_CONVERSION = YES_AGGRESSIVE;
				CLANG_CXX_LANGUAGE_STANDARD = "gnu++20";
				CLANG_CXX_LIBRARY = "libc++";
				CLANG_ENABLE_MODULES = YES;
				CLANG_ENABLE_OBJC_ARC = YES;
				CLANG_ENABLE_OBJC_WEAK = YES;
				CLANG_WARN_BOOL_CONVERSION = YES;
				CLANG_WARN_CONSTANT_CONVERSION = YES;
				CLANG_WARN_DIRECT_OBJC_ISA_USAGE = YES_ERROR;
				CLANG_WARN_DOCUMENTATION_COMMENTS = YES;
				CLANG_WARN_EMPTY_BODY = YES;
				CLANG_WARN_ENUM_CONVERSION = YES;
				CLANG_WARN_INFINITE_RECURSION = YES;
				CLANG_WARN_INT_CONVERSION = YES;
				CLANG_WARN_NON_LITERAL_NULL_CONVERSION = YES;
				CLANG_WARN_OBJC_ROOT_CLASS = YES_ERROR;
				CLANG_WARN_QUOTED_INCLUDE_IN_FRAMEWORK_HEADER = YES;
				CLANG_WARN_SUSPICIOUS_MOVES = YES;
				CLANG_WARN_UNREACHABLE_CODE = YES;
				CLANG_WARN__DUPLICATE_METHOD_MATCH = YES;
				DEBUG_INFORMATION_FORMAT = dwarf;
				ENABLE_STRICT_OBJC_MSGSEND = YES;
				GCC_C_LANGUAGE_STANDARD = gnu17;
				GCC_NO_COMMON_BLOCKS = YES;
				GCC_WARN_64_TO_32_BIT_CONVERSION = YES;
				GCC_WARN_ABOUT_RETURN_TYPE = YES_ERROR;
				GCC_WARN_UNDECLARED_SELECTOR = YES;
				GCC_WARN_UNINITIALIZED_AUTOMATIC_VARIABLES = YES_ORDER;
				IPHONEOS_DEPLOYMENT_TARGET = 17.0;
				MTL_ENABLE_DEBUG_INFO = INCLUDE_SOURCE;
				SDKROOT = iphoneos;
				SWIFT_VERSION = 5.9;
			};
			name = Debug;
		};
		2A2B3C4D00010041 /* Release */ = {
			isa = XCBuildConfiguration;
			buildSettings = {
				ALWAYS_SEARCH_USER_PATHS = NO;
				CLANG_ANALYZER_LOCALIZABILITY_NONLOCALIZED = YES;
				CLANG_ANALYZER_NUMBER_OBJECT_CONVERSION = YES_AGGRESSIVE;
				CLANG_CXX_LANGUAGE_STANDARD = "gnu++20";
				CLANG_CXX_LIBRARY = "libc++";
				CLANG_ENABLE_MODULES = YES;
				CLANG_ENABLE_OBJC_ARC = YES;
				CLANG_ENABLE_OBJC_WEAK = YES;
				CLANG_WARN_BOOL_CONVERSION = YES;
				CLANG_WARN_CONSTANT_CONVERSION = YES;
				CLANG_WARN_DIRECT_OBJC_ISA_USAGE = YES_ERROR;
				CLANG_WARN_DOCUMENTATION_COMMENTS = YES;
				CLANG_WARN_EMPTY_BODY = YES;
				CLANG_WARN_ENUM_CONVERSION = YES;
				CLANG_WARN_INFINITE_RECURSION = YES;
				CLANG_WARN_INT_CONVERSION = YES;
				CLANG_WARN_NON_LITERAL_NULL_CONVERSION = YES;
				CLANG_WARN_OBJC_ROOT_CLASS = YES_ERROR;
				CLANG_WARN_QUOTED_INCLUDE_IN_FRAMEWORK_HEADER = YES;
				CLANG_WARN_SUSPICIOUS_MOVES = YES;
				CLANG_WARN_UNREACHABLE_CODE = YES;
				CLANG_WARN__DUPLICATE_METHOD_MATCH = YES;
				DEBUG_INFORMATION_FORMAT = dwarf-with-dsym;
				ENABLE_NS_ASSERTIONS = NO;
				GCC_C_LANGUAGE_STANDARD = gnu17;
				GCC_NO_COMMON_BLOCKS = YES;
				GCC_WARN_64_TO_32_BIT_CONVERSION = YES;
				GCC_WARN_ABOUT_RETURN_TYPE = YES_ERROR;
				GCC_WARN_UNDECLARED_SELECTOR = YES;
				GCC_WARN_UNINITIALIZED_AUTOMATIC_VARIABLES = YES_ORDER;
				IPHONEOS_DEPLOYMENT_TARGET = 17.0;
				MTL_ENABLE_DEBUG_INFO = NO;
				SDKROOT = iphoneos;
				SWIFT_VERSION = 5.9;
			};
			name = Release;
		};
		2A2B3C4D00010044 /* Debug */ = {
			isa = XCBuildConfiguration;
			buildSettings = {
				ASSETCATALOG_COMPILER_APPICON_NAME = AppIcon;
				INFOPLIST_FILE = SupportingFiles/Info.plist;
				LD_RUNPATH_SEARCH_PATHS = "$(inherited) @executable_path/Frameworks @executable_path/../../Frameworks";
				PRODUCT_BUNDLE_IDENTIFIER = com.example.APEX;
				TARGETED_DEVICE_FAMILY = "1,2";
				SDKROOT = iphoneos;
				SWIFT_VERSION = 5.9;
				FRAMEWORK_SEARCH_PATHS = "$(inherited)";
			};
			name = Debug;
		};
		2A2B3C4D00010045 /* Release */ = {
			isa = XCBuildConfiguration;
			buildSettings = {
				ASSETCATALOG_COMPILER_APPICON_NAME = AppIcon;
				INFOPLIST_FILE = SupportingFiles/Info.plist;
				LD_RUNPATH_SEARCH_PATHS = "$(inherited) @executable_path/Frameworks @executable_path/../../Frameworks";
				PRODUCT_BUNDLE_IDENTIFIER = com.example.APEX;
				TARGETED_DEVICE_FAMILY = "1";
				SDKROOT = iphoneos;
				SWIFT_VERSION = 5.9;
				FRAMEWORK_SEARCH_PATHS = "$(inherited)";
			};
			name = Release;
		};
		2A2B3C4D00010046 /* Debug */ = {
			isa = XCBuildConfiguration;
			buildSettings = {
				ALWAYS_SEARCH_USER_PATHS = NO;
				CLANG_ANALYZER_LOCALIZABILITY_NONLOCALIZED = YES;
				CLANG_ANALYZER_NUMBER_OBJECT_CONVERSION = YES_AGGRESSIVE;
				CLANG_CXX_LANGUAGE_STANDARD = "gnu++20";
				CLANG_CXX_LIBRARY = "libc++";
				CLANG_ENABLE_MODULES = YES;
				CLANG_ENABLE_OBJC_ARC = YES;
				CLANG_ENABLE_OBJC_WEAK = YES;
				CLANG_WARN_BOOL_CONVERSION = YES;
				CLANG_WARN_CONSTANT_CONVERSION = YES;
				CLANG_WARN_DIRECT_OBJC_ISA_USAGE = YES_ERROR;
				CLANG_WARN_DOCUMENTATION_COMMENTS = YES;
				CLANG_WARN_EMPTY_BODY = YES;
				CLANG_WARN_ENUM_CONVERSION = YES;
				CLANG_WARN_INFINITE_RECURSION = YES;
				CLANG_WARN_INT_CONVERSION = YES;
				CLANG_WARN_NON_LITERAL_NULL_CONVERSION = YES;
				CLANG_WARN_OBJC_ROOT_CLASS = YES_ERROR;
				CLANG_WARN_QUOTED_INCLUDE_IN_FRAMEWORK_HEADER = YES;
				CLANG_WARN_SUSPICIOUS_MOVES = YES;
				CLANG_WARN_UNREACHABLE_CODE = YES;
				CLANG_WARN__DUPLICATE_METHOD_MATCH = YES;
				DEBUG_INFORMATION_FORMAT = dwarf;
				ENABLE_TESTING_SOURCES = YES;
				GCC_C_LANGUAGE_STANDARD = gnu17;
				GCC_NO_COMMON_BLOCKS = YES;
				GCC_WARN_64_TO_32_BIT_CONVERSION = YES;
				GCC_WARN_ABOUT_RETURN_TYPE = YES_ERROR;
				GCC_WARN_UNDECLARED_SELECTOR = YES;
				GCC_WARN_UNINITIALIZED_AUTOMATIC_VARIABLES = YES_ORDER;
				IPHONEOS_DEPLOYMENT_TARGET = 17.0;
				MTL_ENABLE_DEBUG_INFO = INCLUDE_SOURCE;
				SDKROOT = iphoneos;
				SWIFT_VERSION = 5.9;
			};
			name = Debug;
		};
		2A2B3C4D00010047 /* Release */ = {
			isa = XCBuildConfiguration;
			buildSettings = {
				ALWAYS_SEARCH_USER_PATHS = NO;
				CLANG_ANALYZER_LOCALIZABILITY_NONLOCALIZED = YES;
				CLANG_ANALYZER_NUMBER_OBJECT_CONVERSION = YES_AGGRESSIVE;
				CLANG_CXX_LANGUAGE_STANDARD = "gnu++20";
				CLANG_CXX_LIBRARY = "libc++";
				CLANG_ENABLE_MODULES = YES;
				CLANG_ENABLE_OBJC_ARC = YES;
				CLANG_ENABLE_OBJC_WEAK = YES;
				CLANG_WARN_BOOL_CONVERSION = YES;
				CLANG_WARN_CONSTANT_CONVERSION = YES;
				CLANG_WARN_DIRECT_OBJC_ISA_USAGE = YES_ERROR;
				CLANG_WARN_DOCUMENTATION_COMMENTS = YES;
				CLANG_WARN_EMPTY_BODY = YES;
				CLANG_WARN_ENUM_CONVERSION = YES;
				CLANG_WARN_INFINITE_RECURSION = YES;
				CLANG_WARN_INT_CONVERSION = YES;
				CLANG_WARN_NON_LITERAL_NULL_CONVERSION = YES;
				CLANG_WARN_OBJC_ROOT_CLASS = YES_ERROR;
				CLANG_WARN_QUOTED_INCLUDE_IN_FRAMEWORK_HEADER = YES;
				CLANG_WARN_SUSPICIOUS_MOVES = YES;
				CLANG_WARN_UNREACHABLE_CODE = YES;
				CLANG_WARN__DUPLICATE_METHOD_MATCH = YES;
				DEBUG_INFORMATION_FORMAT = dwarf-with-dsym;
				ENABLE_NS_ASSERTIONS = NO;
				GCC_C_LANGUAGE_STANDARD = gnu17;
				GCC_NO_COMMON_BLOCKS = YES;
				GCC_WARN_64_TO_32_BIT_CONVERSION = YES;
				GCC_WARN_ABOUT_RETURN_TYPE = YES_ERROR;
				GCC_WARN_UNDECLARED_SELECTOR = YES;
				GCC_WARN_UNINITIALIZED_AUTOMATIC_VARIABLES = YES_ORDER;
				IPHONEOS_DEPLOYMENT_TARGET = 17.0;
				MTL_ENABLE_DEBUG_INFO = NO;
				SDKROOT = iphoneos;
				SWIFT_VERSION = 5.9;
			};
			name = Release;
		};
		2A2B3C4D00010034 /* Debug */ = {
			isa = XCBuildConfiguration;
			buildSettings = {
				ASSETCATALOG_COMPILER_APPICON_NAME = AppIcon;
				INFOPLIST_FILE = SupportingFiles/Info.plist;
				LD_RUNPATH_SEARCH_PATHS = "$(inherited) @executable_path/Frameworks @executable_path/../../Frameworks";
				PRODUCT_BUNDLE_IDENTIFIER = com.example.APEX;
				TARGETED_DEVICE_FAMILY = "1,2";
				SDKROOT = iphoneos;
				SWIFT_VERSION = 5.9;
				FRAMEWORK_SEARCH_PATHS = "$(inherited)";
			};
			name = Debug;
		};
		2A2B3C4D00010042 /* Release */ = {
			isa = XCBuildConfiguration;
			buildSettings = {
				ASSETCATALOG_COMPILER_APPICON_NAME = AppIcon;
				INFOPLIST_FILE = SupportingFiles/Info.plist;
				LD_RUNPATH_SEARCH_PATHS = "$(inherited) @executable_path/Frameworks @executable_path/../../Frameworks";
				PRODUCT_BUNDLE_IDENTIFIER = com.example.APEX;
				TARGETED_DEVICE_FAMILY = "1";
				SDKROOT = iphoneos;
				SWIFT_VERSION = 5.9;
				FRAMEWORK_SEARCH_PATHS = "$(inherited)";
			};
			name = Release;
		};
		2A2B3C4D00010035 /* Debug */ = {
			isa = XCBuildConfiguration;
			buildSettings = {
				ASSETCATALOG_COMPILER_APPICON_NAME = AppIcon;
				INFOPLIST_FILE = SupportingFiles/Info.plist;
				LD_RUNPATH_SEARCH_PATHS = "$(inherited) @executable_path/Frameworks @executable_path/../../Frameworks";
				PRODUCT_BUNDLE_IDENTIFIER = com.example.APEX;
				TARGETED_DEVICE_FAMILY = "1,2";
				SDKROOT = iphoneos;
				SWIFT_VERSION = 5.9;
				FRAMEWORK_SEARCH_PATHS = "$(inherited)";
				BUNDLE_LOADER = "$(TEST_HOST)";
				TEST_HOST = "$(BUILT_PRODUCTS_DIR)/APEX.app/APEX";
				SKIP_INSTALL = YES;
			};
			name = Debug;
		};
		2A2B3C4D00010043 /* Release */ = {
			isa = XCBuildConfiguration;
			buildSettings = {
				ASSETCATALOG_COMPILER_APPICON_NAME = AppIcon;
				INFOPLIST_FILE = SupportingFiles/Info.plist;
				LD_RUNPATH_SEARCH_PATHS = "$(inherited) @executable_path/Frameworks @executable_path/../../Frameworks";
				PRODUCT_BUNDLE_IDENTIFIER = com.example.APEX;
				TARGETED_DEVICE_FAMILY = "1";
				SDKROOT = iphoneos;
				SWIFT_VERSION = 5.9;
				FRAMEWORK_SEARCH_PATHS = "$(inherited)";
				BUNDLE_LOADER = "$(TEST_HOST)";
				TEST_HOST = "$(BUILT_PRODUCTS_DIR)/APEX.app/APEX";
				SKIP_INSTALL = YES;
			};
			name = Release;
		};
/* End XCBuildConfiguration section */

/* Begin XCConfigurationList section */
		2A2B3C4D0001002W /* Build configuration list for PBXProject "APEX" */ = {
			isa = XCConfigurationList;
			buildConfigurations = (
				2A2B3C4D00010040 /* Debug */,
				2A2B3C4D00010041 /* Release */,
			);
			defaultConfigurationIsVisible = 0;
			defaultConfigurationName = Release;
		};
		2A2B3C4D0001002N /* Build configuration list for PBXNativeTarget "APEX" */ = {
			isa = XCConfigurationList;
			buildConfigurations = (
				2A2B3C4D00010034 /* Debug */,
				2A2B3C4D00010042 /* Release */,
			);
			defaultConfigurationIsVisible = 0;
			defaultConfigurationName = Debug;
		};
		2A2B3C4D0001002S /* Build configuration list for PBXNativeTarget "APEXTests" */ = {
			isa = XCConfigurationList;
			buildConfigurations = (
				2A2B3C4D00010035 /* Debug */,
				2A2B3C4D00010043 /* Release */,
			);
			defaultConfigurationIsVisible = 0;
			defaultConfigurationName = Debug;
		};
/* End XCConfigurationList section */

/* Begin PBXContainerItemProxy section */
		2A2B3C4D0001002U /* Dependency */ = {
			isa = PBXTargetDependency;
			target = 2A2B3C4D0001002M /* APEX */;
			targetProxy = 2A2B3C4D0001002Z /* PBXContainerItemProxy */;
		};
/* End PBXContainerItemProxy section */

		2A2B3C4D0001002Z /* PBXContainerItemProxy */ = {
			isa = PBXContainerItemProxy;
			containerPortal = 2A2B3C4D0001002V /* PBXProject */;
			proxyType = 1;
			remoteGlobalID = 2A2B3C4D0001002M /* APEX */;
			remoteInfo = APEX;
		};

	};
	rootObject = 2A2B3C4D0001002V /* Build configuration list for PBXProject "APEX" */;
}
